
Microsoft Visual Studio Solution File, Format Version 12.00
Project("{FAE04EC0-301F-11D3-BF4B-00C04F79EFBC}") = "Serilog.Enrichers.OpenTelemetry", "Serilog.Enrichers.OpenTelemetry\Serilog.Enrichers.OpenTelemetry.csproj", "{2BC658C3-605F-45E9-B999-919C3485D093}"
EndProject
Global
	GlobalSection(SolutionConfigurationPlatforms) = preSolution
		Debug|Any CPU = Debug|Any CPU
		Release|Any CPU = Release|Any CPU
	EndGlobalSection
	GlobalSection(ProjectConfigurationPlatforms) = postSolution
		{2BC658C3-605F-45E9-B999-919C3485D093}.Debug|Any CPU.ActiveCfg = Debug|Any CPU
		{2BC658C3-605F-45E9-B999-919C3485D093}.Debug|Any CPU.Build.0 = Debug|Any CPU
		{2BC658C3-605F-45E9-B999-919C3485D093}.Release|Any CPU.ActiveCfg = Release|Any CPU
		{2BC658C3-605F-45E9-B999-919C3485D093}.Release|Any CPU.Build.0 = Release|Any CPU
	EndGlobalSection
EndGlobal
